
Microsoft Visual Studio Solution File, Format Version 12.00
# Visual Studio Version 16
VisualStudioVersion = 16.0.30907.101
MinimumVisualStudioVersion = 10.0.40219.1
Project("{FAE04EC0-301F-11D3-BF4B-00C04F79EFBC}") = "SPWebhooksReceiver", "SPWebhooksReceiver\SPWebhooksReceiver.csproj", "{70B8F83E-A8AF-4CFA-A8CF-F3160014AD25}"
EndProject
Global
	GlobalSection(SolutionConfigurationPlatforms) = preSolution
		Debug|Any CPU = Debug|Any CPU
		Release|Any CPU = Release|Any CPU
	EndGlobalSection
	GlobalSection(ProjectConfigurationPlatforms) = postSolution
		{70B8F83E-A8AF-4CFA-A8CF-F3160014AD25}.Debug|Any CPU.ActiveCfg = Debug|Any CPU
		{70B8F83E-A8AF-4CFA-A8CF-F3160014AD25}.Debug|Any CPU.Build.0 = Debug|Any CPU
		{70B8F83E-A8AF-4CFA-A8CF-F3160014AD25}.Release|Any CPU.ActiveCfg = Release|Any CPU
		{70B8F83E-A8AF-4CFA-A8CF-F3160014AD25}.Release|Any CPU.Build.0 = Release|Any CPU
	EndGlobalSection
	GlobalSection(SolutionProperties) = preSolution
		HideSolutionNode = FALSE
	EndGlobalSection
	GlobalSection(ExtensibilityGlobals) = postSolution
		SolutionGuid = {AF448146-628D-4A41-803F-439FCD1186C0}
	EndGlobalSection
EndGlobal
